<?xml version="1.0"?>
<CONFIG>
  <ProjectOptions>
    <Version Value="9"/>
    <PathDelim Value="\"/>
    <General>
      <Flags>
        <MainUnitHasCreateFormStatements Value="False"/>
        <MainUnitHasTitleStatement Value="False"/>
        <LRSInOutputDirectory Value="False"/>
      </Flags>
      <MainUnit Value="0"/>
      <Title Value="2-Band Distortion"/>
      <UseAppBundle Value="False"/>
      <ResourceType Value="res"/>
    </General>
    <VersionInfo>
      <Language Value=""/>
      <CharSet Value=""/>
      <StringTable ProductVersion=""/>
    </VersionInfo>
    <BuildModes Count="3" Active="Release">
      <Item1 Name="Release" Default="True"/>
      <Item2 Name="Debug">
        <CompilerOptions>
          <Version Value="10"/>
          <PathDelim Value="\"/>
          <Target>
            <Filename Value="..\..\..\Bin\Win64\VST\2-Band Distortion.dll" ApplyConventions="False"/>
          </Target>
          <SearchPaths>
            <IncludeFiles Value="..\..\..\Source"/>
            <OtherUnitFiles Value="..\..\..\Packages\Lazarus;..\..\..\Source;..\..\..\Source\VST;..\..\..\Source\Math;..\..\..\Source\DSP;..\..\..\Source\GUI;..\..\..\Source\FileFormats"/>
            <UnitOutputDirectory Value="..\..\..\UnitCache\$(TargetOS)"/>
          </SearchPaths>
          <Parsing>
            <SyntaxOptions>
              <SyntaxMode Value="Delphi"/>
              <CStyleOperator Value="False"/>
              <IncludeAssertionCode Value="True"/>
              <CPPInline Value="False"/>
            </SyntaxOptions>
          </Parsing>
          <CodeGeneration>
            <Optimizations>
              <OptimizationLevel Value="0"/>
            </Optimizations>
          </CodeGeneration>
          <Linking>
            <Debugging>
              <GenerateDebugInfo Value="True"/>
              <GenerateDwarf Value="True"/>
            </Debugging>
            <LinkSmart Value="True"/>
            <Options>
              <Win32>
                <GraphicApplication Value="True"/>
              </Win32>
              <ExecutableType Value="Library"/>
            </Options>
          </Linking>
          <Other>
            <CompilerMessages>
              <UseMsgFile Value="True"/>
            </CompilerMessages>
            <CompilerPath Value="$(CompPath)"/>
          </Other>
        </CompilerOptions>
      </Item2>
      <Item3 Name="Release &amp; Publish">
        <CompilerOptions>
          <Version Value="10"/>
          <PathDelim Value="\"/>
          <Target>
            <Filename Value="..\..\..\Bin\Win64\VST\2-Band Distortion.dll" ApplyConventions="False"/>
          </Target>
          <SearchPaths>
            <IncludeFiles Value="..\..\..\Source"/>
            <OtherUnitFiles Value="..\..\..\Packages\Lazarus;..\..\..\Source;..\..\..\Source\VST;..\..\..\Source\Math;..\..\..\Source\DSP;..\..\..\Source\GUI;..\..\..\Source\FileFormats"/>
            <UnitOutputDirectory Value="..\..\..\UnitCache\$(TargetOS)"/>
          </SearchPaths>
          <Parsing>
            <SyntaxOptions>
              <SyntaxMode Value="Delphi"/>
              <CStyleOperator Value="False"/>
              <CPPInline Value="False"/>
            </SyntaxOptions>
          </Parsing>
          <CodeGeneration>
            <SmartLinkUnit Value="True"/>
            <Optimizations>
              <OptimizationLevel Value="2"/>
            </Optimizations>
          </CodeGeneration>
          <Linking>
            <Debugging>
              <UseLineInfoUnit Value="False"/>
              <StripSymbols Value="True"/>
            </Debugging>
            <LinkSmart Value="True"/>
            <Options>
              <Win32>
                <GraphicApplication Value="True"/>
              </Win32>
              <ExecutableType Value="Library"/>
            </Options>
          </Linking>
          <Other>
            <Verbosity>
              <ShowHints Value="False"/>
            </Verbosity>
            <CompilerMessages>
              <UseMsgFile Value="True"/>
            </CompilerMessages>
            <CompilerPath Value="$(CompPath)"/>
            <ExecuteAfter>
              <Command Value="TwoBandDistortion.bat"/>
              <CompileReasons Run="False"/>
            </ExecuteAfter>
          </Other>
        </CompilerOptions>
      </Item3>
    </BuildModes>
    <PublishOptions>
      <Version Value="2"/>
      <IgnoreBinaries Value="False"/>
      <IncludeFileFilter Value="*.(pas|pp|inc|lfm|lpr|lrs|lpi|lpk|sh|xml)"/>
      <ExcludeFileFilter Value="*.(bak|ppu|ppw|o|so);*~;backup"/>
    </PublishOptions>
    <RunParams>
      <local>
        <FormatVersion Value="1"/>
        <LaunchingApplication PathPlusParams="/usr/X11R6/bin/xterm -T 'Lazarus Run Output' -e $(LazarusDir)/tools/runwait.sh $(TargetCmdLine)"/>
      </local>
    </RunParams>
    <RequiredPackages Count="6">
      <Item1>
        <PackageName Value="DAV_VSTPlugin_Lazarus"/>
      </Item1>
      <Item2>
        <PackageName Value="DAV_GUI_Lazarus"/>
      </Item2>
      <Item3>
        <PackageName Value="DAV_DSP_Lazarus"/>
      </Item3>
      <Item4>
        <PackageName Value="DAV_Common_Lazarus"/>
      </Item4>
      <Item5>
        <PackageName Value="ImagesForLazarus"/>
      </Item5>
      <Item6>
        <PackageName Value="LCL"/>
      </Item6>
    </RequiredPackages>
    <Units Count="25">
      <Unit0>
        <Filename Value="TwoBandDistortion.lpr"/>
        <IsPartOfProject Value="True"/>
        <WindowIndex Value="0"/>
        <TopLine Value="1"/>
        <CursorPos X="59" Y="22"/>
        <UsageCount Value="26"/>
        <DefaultSyntaxHighlighter Value="Delphi"/>
      </Unit0>
      <Unit1>
        <Filename Value="TwoBandDistortionDM.pas"/>
        <IsPartOfProject Value="True"/>
        <ComponentName Value="TwoBandDistortionDataModule"/>
        <HasResources Value="True"/>
        <ResourceBaseClass Value="DataModule"/>
        <UnitName Value="TwoBandDistortionDM"/>
        <IsVisibleTab Value="True"/>
        <WindowIndex Value="0"/>
        <TopLine Value="90"/>
        <CursorPos X="35" Y="111"/>
        <UsageCount Value="26"/>
        <DefaultSyntaxHighlighter Value="Delphi"/>
      </Unit1>
      <Unit2>
        <Filename Value="TwoBandDistortionGUI.pas"/>
        <IsPartOfProject Value="True"/>
        <ComponentName Value="FmTwoBandDistortion"/>
        <HasResources Value="True"/>
        <ResourceBaseClass Value="Form"/>
        <UnitName Value="TwoBandDistortionGUI"/>
        <TopLine Value="23"/>
        <CursorPos X="73" Y="39"/>
        <UsageCount Value="26"/>
        <DefaultSyntaxHighlighter Value="Delphi"/>
      </Unit2>
      <Unit3>
        <Filename Value="..\..\..\Source\GUI\DAV_GuiBaseControl.pas"/>
        <UnitName Value="DAV_GuiBaseControl"/>
        <TopLine Value="307"/>
        <CursorPos X="1" Y="307"/>
        <UsageCount Value="10"/>
        <DefaultSyntaxHighlighter Value="Delphi"/>
      </Unit3>
      <Unit4>
        <Filename Value="..\..\..\Source\GUI\DAV_GuiDial.pas"/>
        <UnitName Value="DAV_GuiDial"/>
        <TopLine Value="900"/>
        <CursorPos X="45" Y="903"/>
        <UsageCount Value="10"/>
        <DefaultSyntaxHighlighter Value="Delphi"/>
      </Unit4>
      <Unit5>
        <Filename Value="..\..\..\Source\DSP\DAV_DspFilterButterworth.pas"/>
        <UnitName Value="DAV_DspFilterButterworth"/>
        <TopLine Value="148"/>
        <CursorPos X="34" Y="175"/>
        <UsageCount Value="10"/>
        <DefaultSyntaxHighlighter Value="Delphi"/>
      </Unit5>
      <Unit6>
        <Filename Value="..\..\..\Source\GUI\DAV_GuiPanel.pas"/>
        <UnitName Value="DAV_GuiPanel"/>
        <TopLine Value="107"/>
        <CursorPos X="10" Y="124"/>
        <UsageCount Value="10"/>
        <DefaultSyntaxHighlighter Value="Delphi"/>
      </Unit6>
      <Unit7>
        <Filename Value="..\..\..\Source\DSP\DAV_DspFftReal2Complex.pas"/>
        <UnitName Value="DAV_DspFftReal2Complex"/>
        <TopLine Value="1798"/>
        <CursorPos X="18" Y="1807"/>
        <UsageCount Value="10"/>
        <DefaultSyntaxHighlighter Value="Delphi"/>
      </Unit7>
      <Unit8>
        <Filename Value="..\..\..\Source\DAV_Approximations.pas"/>
        <UnitName Value="DAV_Approximations"/>
        <WindowIndex Value="0"/>
        <TopLine Value="1"/>
        <CursorPos X="1" Y="1"/>
        <UsageCount Value="10"/>
        <DefaultSyntaxHighlighter Value="Delphi"/>
      </Unit8>
      <Unit9>
        <Filename Value="..\..\..\Source\DSP\DAV_DspFilterLinkwitzRiley.pas"/>
        <UnitName Value="DAV_DspFilterLinkwitzRiley"/>
        <WindowIndex Value="0"/>
        <TopLine Value="24"/>
        <CursorPos X="50" Y="38"/>
        <UsageCount Value="10"/>
        <DefaultSyntaxHighlighter Value="Delphi"/>
      </Unit9>
      <Unit10>
        <Filename Value="TwoBandDistortionGUI.lfm"/>
        <WindowIndex Value="0"/>
        <TopLine Value="1"/>
        <CursorPos X="20" Y="2"/>
        <UsageCount Value="10"/>
        <DefaultSyntaxHighlighter Value="LFM"/>
      </Unit10>
      <Unit11>
        <Filename Value="..\..\..\Source\GUI\DAV_GuiPng.pas"/>
        <UnitName Value="DAV_GuiPng"/>
        <WindowIndex Value="0"/>
        <TopLine Value="623"/>
        <CursorPos X="7" Y="640"/>
        <UsageCount Value="11"/>
        <DefaultSyntaxHighlighter Value="Delphi"/>
      </Unit11>
      <Unit12>
        <Filename Value="..\..\..\Source\GUI\DAV_GuiFont.pas"/>
        <UnitName Value="DAV_GuiFont"/>
        <WindowIndex Value="0"/>
        <TopLine Value="419"/>
        <CursorPos X="34" Y="432"/>
        <UsageCount Value="10"/>
        <DefaultSyntaxHighlighter Value="Delphi"/>
      </Unit12>
      <Unit13>
        <Filename Value="..\..\..\Source\GUI\DAV_GuiPngCoder.pas"/>
        <UnitName Value="DAV_GuiPngCoder"/>
        <WindowIndex Value="0"/>
        <TopLine Value="625"/>
        <CursorPos X="50" Y="641"/>
        <UsageCount Value="11"/>
        <DefaultSyntaxHighlighter Value="Delphi"/>
      </Unit13>
      <Unit14>
        <Filename Value="..\..\..\Source\GUI\DAV_GuiPngChunks.pas"/>
        <UnitName Value="DAV_GuiPngChunks"/>
        <WindowIndex Value="0"/>
        <TopLine Value="597"/>
        <CursorPos X="15" Y="613"/>
        <UsageCount Value="11"/>
        <DefaultSyntaxHighlighter Value="Delphi"/>
      </Unit14>
      <Unit15>
        <Filename Value="..\..\..\..\GR32\Source\GR32_Transforms.pas"/>
        <UnitName Value="GR32_Transforms"/>
        <WindowIndex Value="0"/>
        <TopLine Value="433"/>
        <CursorPos X="32" Y="448"/>
        <UsageCount Value="11"/>
        <DefaultSyntaxHighlighter Value="Delphi"/>
      </Unit15>
      <Unit16>
        <Filename Value="..\..\..\..\GR32\Source\GR32_Rasterizers.pas"/>
        <UnitName Value="GR32_Rasterizers"/>
        <WindowIndex Value="0"/>
        <TopLine Value="164"/>
        <CursorPos X="3" Y="180"/>
        <UsageCount Value="10"/>
        <DefaultSyntaxHighlighter Value="Delphi"/>
      </Unit16>
      <Unit17>
        <Filename Value="..\..\..\..\GR32\Source\GR32_Resamplers.pas"/>
        <UnitName Value="GR32_Resamplers"/>
        <WindowIndex Value="0"/>
        <TopLine Value="646"/>
        <CursorPos X="15" Y="646"/>
        <UsageCount Value="10"/>
        <DefaultSyntaxHighlighter Value="Delphi"/>
      </Unit17>
      <Unit18>
        <Filename Value="C:\Lazarus\fpc\2.5.1\source\rtl\inc\systemh.inc"/>
        <WindowIndex Value="0"/>
        <TopLine Value="229"/>
        <CursorPos X="3" Y="245"/>
        <UsageCount Value="10"/>
      </Unit18>
      <Unit19>
        <Filename Value="..\..\..\..\GR32\Source\GR32.pas"/>
        <UnitName Value="GR32"/>
        <WindowIndex Value="0"/>
        <TopLine Value="360"/>
        <CursorPos X="3" Y="376"/>
        <UsageCount Value="10"/>
        <DefaultSyntaxHighlighter Value="Delphi"/>
      </Unit19>
      <Unit20>
        <Filename Value="..\..\..\..\GR32\Source\GR32_Polygons.pas"/>
        <UnitName Value="GR32_Polygons"/>
        <WindowIndex Value="0"/>
        <TopLine Value="209"/>
        <CursorPos X="3" Y="237"/>
        <UsageCount Value="10"/>
        <DefaultSyntaxHighlighter Value="Delphi"/>
      </Unit20>
      <Unit21>
        <Filename Value="..\..\..\..\GR32\Source\GR32_Containers.pas"/>
        <UnitName Value="GR32_Containers"/>
        <WindowIndex Value="0"/>
        <TopLine Value="1"/>
        <CursorPos X="25" Y="27"/>
        <UsageCount Value="10"/>
        <DefaultSyntaxHighlighter Value="Delphi"/>
      </Unit21>
      <Unit22>
        <Filename Value="..\..\..\..\GR32\Source\GR32_Dsgn_Bitmap.pas"/>
        <ComponentName Value="PictureEditorForm"/>
        <HasResources Value="True"/>
        <ResourceBaseClass Value="Form"/>
        <UnitName Value="GR32_Dsgn_Bitmap"/>
        <WindowIndex Value="0"/>
        <TopLine Value="51"/>
        <CursorPos X="53" Y="68"/>
        <UsageCount Value="10"/>
        <DefaultSyntaxHighlighter Value="Delphi"/>
      </Unit22>
      <Unit23>
        <Filename Value="..\..\..\..\..\..\Christian\AppData\Local\Opera\Opera\temporary_downloads\MpuProcessTools.pas"/>
        <UnitName Value="MpuProcessTools"/>
        <WindowIndex Value="0"/>
        <TopLine Value="127"/>
        <CursorPos X="1" Y="1"/>
        <UsageCount Value="10"/>
        <DefaultSyntaxHighlighter Value="Delphi"/>
      </Unit23>
      <Unit24>
        <Filename Value="..\..\..\..\GR32\Source\GR32_Reg.pas"/>
        <UnitName Value="GR32_Reg"/>
        <WindowIndex Value="0"/>
        <TopLine Value="1"/>
        <CursorPos X="1" Y="1"/>
        <UsageCount Value="10"/>
        <DefaultSyntaxHighlighter Value="Delphi"/>
      </Unit24>
    </Units>
    <JumpHistory Count="0" HistoryIndex="-1"/>
  </ProjectOptions>
  <CompilerOptions>
    <Version Value="10"/>
    <PathDelim Value="\"/>
    <Target>
      <Filename Value="..\..\..\Bin\Win64\VST\2-Band Distortion.dll" ApplyConventions="False"/>
    </Target>
    <SearchPaths>
      <IncludeFiles Value="..\..\..\Source"/>
      <OtherUnitFiles Value="..\..\..\Packages\Lazarus;..\..\..\Source;..\..\..\Source\VST;..\..\..\Source\Math;..\..\..\Source\DSP;..\..\..\Source\GUI;..\..\..\Source\FileFormats"/>
      <UnitOutputDirectory Value="..\..\..\UnitCache\$(TargetOS)"/>
    </SearchPaths>
    <Parsing>
      <SyntaxOptions>
        <SyntaxMode Value="Delphi"/>
        <CStyleOperator Value="False"/>
        <CPPInline Value="False"/>
      </SyntaxOptions>
    </Parsing>
    <CodeGeneration>
      <SmartLinkUnit Value="True"/>
      <Optimizations>
        <OptimizationLevel Value="2"/>
      </Optimizations>
    </CodeGeneration>
    <Linking>
      <Debugging>
        <UseLineInfoUnit Value="False"/>
        <StripSymbols Value="True"/>
      </Debugging>
      <LinkSmart Value="True"/>
      <Options>
        <Win32>
          <GraphicApplication Value="True"/>
        </Win32>
        <ExecutableType Value="Library"/>
      </Options>
    </Linking>
    <Other>
      <Verbosity>
        <ShowHints Value="False"/>
      </Verbosity>
      <CompilerMessages>
        <UseMsgFile Value="True"/>
      </CompilerMessages>
      <CompilerPath Value="$(CompPath)"/>
    </Other>
  </CompilerOptions>
  <Debugging>
    <Exceptions Count="3">
      <Item1>
        <Name Value="EAbort"/>
      </Item1>
      <Item2>
        <Name Value="ECodetoolError"/>
      </Item2>
      <Item3>
        <Name Value="EFOpenError"/>
      </Item3>
    </Exceptions>
  </Debugging>
</CONFIG>
