	<Project xmlns="http://schemas.microsoft.com/developer/msbuild/2003">
		<PropertyGroup>
			<ProjectGuid>{FCF08342-DEF4-4FAF-92C3-F7E963378FDD}</ProjectGuid>
			<MainSource>DAV_DSP_D14.dpk</MainSource>
			<Config Condition="'$(Config)'==''">Debug</Config>
			<DCC_DCCCompiler>DCC32</DCC_DCCCompiler>
			<ProjectVersion>12.0</ProjectVersion>
		</PropertyGroup>
		<PropertyGroup Condition="'$(Config)'=='Basis' or '$(Base)'!=''">
			<Base>true</Base>
		</PropertyGroup>
		<PropertyGroup Condition="'$(Config)'=='Release' or '$(Cfg_1)'!=''">
			<Cfg_1>true</Cfg_1>
			<CfgParent>Base</CfgParent>
			<Base>true</Base>
		</PropertyGroup>
		<PropertyGroup Condition="'$(Config)'=='Debug' or '$(Cfg_2)'!=''">
			<Cfg_2>true</Cfg_2>
			<CfgParent>Base</CfgParent>
			<Base>true</Base>
		</PropertyGroup>
		<PropertyGroup Condition="'$(Base)'!=''">
			<DCC_DcuOutput>..\..\Precompiles</DCC_DcuOutput>
			<DesignOnlyPackage>false</DesignOnlyPackage>
			<DCC_UnitSearchPath>..\..\Source;..\..\Source\DSP;..\..\Source\Math;..\..\Source\FileFormats;$(DCC_UnitSearchPath)</DCC_UnitSearchPath>
			<DCC_DependencyCheckOutputName>..\..\..\..\Documents\RAD Studio\7.0\Bpl\DAV_DSP_D14.bpl</DCC_DependencyCheckOutputName>
			<DCC_ImageBase>00510000</DCC_ImageBase>
			<GenPackage>true</GenPackage>
			<DCC_UnitAlias>WinTypes=Windows;WinProcs=Windows;$(DCC_UnitAlias)</DCC_UnitAlias>
			<DCC_Platform>x86</DCC_Platform>
			<DCC_Description>ASIO &amp; VST Project - DSP Package</DCC_Description>
			<DCC_N>false</DCC_N>
			<DCC_S>false</DCC_S>
			<GenDll>true</GenDll>
			<DCC_E>false</DCC_E>
			<DCC_F>false</DCC_F>
			<DCC_K>false</DCC_K>
		</PropertyGroup>
		<PropertyGroup Condition="'$(Cfg_1)'!=''">
			<DCC_LocalDebugSymbols>false</DCC_LocalDebugSymbols>
			<DCC_Define>RELEASE;$(DCC_Define)</DCC_Define>
			<DCC_SymbolReferenceInfo>0</DCC_SymbolReferenceInfo>
			<DCC_DebugInformation>false</DCC_DebugInformation>
		</PropertyGroup>
		<PropertyGroup Condition="'$(Cfg_2)'!=''">
			<DCC_Define>DEBUG;$(DCC_Define)</DCC_Define>
		</PropertyGroup>
		<ItemGroup>
			<DelphiCompile Include="DAV_DSP_D14.dpk">
				<MainSource>MainSource</MainSource>
			</DelphiCompile>
			<DCCReference Include="vcl.dcp"/>
			<DCCReference Include="rtl.dcp"/>
			<DCCReference Include="DAV_Common_D14.dcp"/>
			<DCCReference Include="..\..\Source\Dsp\DAV_DspRegister.pas"/>
			<DCCReference Include="..\..\Source\DAV_ClassesFft.pas"/>
			<DCCReference Include="..\..\Source\Dsp\DAV_DspAmbience.pas"/>
			<DCCReference Include="..\..\Source\DSP\DAV_DspAnalogueFilterPrototypes.pas"/>
			<DCCReference Include="..\..\Source\Dsp\DAV_DspAudioToMidiTrigger.pas"/>
			<DCCReference Include="..\..\Source\Dsp\DAV_DspBarberpole.pas"/>
			<DCCReference Include="..\..\Source\Dsp\DAV_DspBarberpoleTuner.pas"/>
			<DCCReference Include="..\..\Source\Dsp\DAV_DspBesselFilter.pas"/>
			<DCCReference Include="..\..\Source\DSP\DAV_DspBlockDistribution.pas"/>
			<DCCReference Include="..\..\Source\Dsp\DAV_DspBufferedAudioFilePlayer.pas"/>
			<DCCReference Include="..\..\Source\Dsp\DAV_DspBufferedAudioFileRecorder.pas"/>
			<DCCReference Include="..\..\Source\Dsp\DAV_DspBufferedMp3Player.pas"/>
			<DCCReference Include="..\..\Source\DSP\DAV_DspBuildingBlocks.pas"/>
			<DCCReference Include="..\..\Source\Dsp\DAV_DspCepstrum.pas"/>
			<DCCReference Include="..\..\Source\Dsp\DAV_DspChorus.pas"/>
			<DCCReference Include="..\..\Source\Dsp\DAV_DspCircularBuffer.pas"/>
			<DCCReference Include="..\..\Source\DSP\DAV_DspComponents.pas"/>
			<DCCReference Include="..\..\Source\Dsp\DAV_DspConvolution.pas"/>
			<DCCReference Include="..\..\Source\Dsp\DAV_DspCorrelation.pas"/>
			<DCCReference Include="..\..\Source\Dsp\DAV_DspCrosstalkCancellation.pas"/>
			<DCCReference Include="..\..\Source\Dsp\DAV_DspCrosstalkSimulator.pas"/>
			<DCCReference Include="..\..\Source\Dsp\DAV_DspCrosstalkSimulatorHRTF.pas"/>
			<DCCReference Include="..\..\Source\Dsp\DAV_DspDelayLines.pas"/>
			<DCCReference Include="..\..\Source\Dsp\DAV_DspDFT.pas"/>
			<DCCReference Include="..\..\Source\Dsp\DAV_DspDitherNoiseShaper.pas"/>
			<DCCReference Include="..\..\Source\Dsp\DAV_DspDownsampleScheduler.pas"/>
			<DCCReference Include="..\..\Source\Dsp\DAV_DspDynamics.pas"/>
			<DCCReference Include="..\..\Source\Dsp\DAV_DspExciter.pas"/>
			<DCCReference Include="..\..\Source\Dsp\DAV_DspFDNReverb.pas"/>
			<DCCReference Include="..\..\Source\Dsp\DAV_DspFeedbackAMOscillator.pas"/>
			<DCCReference Include="..\..\Source\Dsp\DAV_DspFeedbackDelayNetwork.pas"/>
			<DCCReference Include="..\..\Source\Dsp\DAV_DspFFT.pas"/>
			<DCCReference Include="..\..\Source\Dsp\DAV_DspFftReal2Complex.pas"/>
			<DCCReference Include="..\..\Source\Dsp\DAV_DspFilter.pas"/>
			<DCCReference Include="..\..\Source\Dsp\DAV_DspFilterAllpasses.pas"/>
			<DCCReference Include="..\..\Source\Dsp\DAV_DspFilterBasics.pas"/>
			<DCCReference Include="..\..\Source\Dsp\DAV_DspFilterBasicsAutomatable.pas"/>
			<DCCReference Include="..\..\Source\Dsp\DAV_DspFilterButterworth.pas"/>
			<DCCReference Include="..\..\Source\Dsp\DAV_DspFilterChebyshev.pas"/>
			<DCCReference Include="..\..\Source\Dsp\DAV_DspFilterChebyshevType1.pas"/>
			<DCCReference Include="..\..\Source\Dsp\DAV_DspFilterChebyshevType2.pas"/>
			<DCCReference Include="..\..\Source\Dsp\DAV_DspFilterLinearPhaseCrossover.pas"/>
			<DCCReference Include="..\..\Source\Dsp\DAV_DspFilterLinkwitzRiley.pas"/>
			<DCCReference Include="..\..\Source\Dsp\DAV_DspFilterManager.pas"/>
			<DCCReference Include="..\..\Source\Dsp\DAV_DspFilterMoog.pas"/>
			<DCCReference Include="..\..\Source\Dsp\DAV_DspFilterSimple.pas"/>
			<DCCReference Include="..\..\Source\Dsp\DAV_DspFilterSpectralDelay.pas"/>
			<DCCReference Include="..\..\Source\Dsp\DAV_DspFreeverb.pas"/>
			<DCCReference Include="..\..\Source\Dsp\DAV_DspFreeverbFilter.pas"/>
			<DCCReference Include="..\..\Source\Dsp\DAV_DspFrequencyDivider.pas"/>
			<DCCReference Include="..\..\Source\Dsp\DAV_DspFrequencyDomainPitchshifter.pas"/>
			<DCCReference Include="..\..\Source\Dsp\DAV_DspFrequencyShifter.pas"/>
			<DCCReference Include="..\..\Source\Dsp\DAV_DspGranularPitchshifter.pas"/>
			<DCCReference Include="..\..\Source\Dsp\DAV_DspHRTF.pas"/>
			<DCCReference Include="..\..\Source\Dsp\DAV_DspInterpolation.pas"/>
			<DCCReference Include="..\..\Source\Dsp\DAV_DspLeslie.pas"/>
			<DCCReference Include="..\..\Source\Dsp\DAV_DspLevelingAmplifier.pas"/>
			<DCCReference Include="..\..\Source\Dsp\DAV_DspLevinson.pas"/>
			<DCCReference Include="..\..\Source\Dsp\DAV_DspLFO.pas"/>
			<DCCReference Include="..\..\Source\Dsp\DAV_DspLightweightDynamics.pas"/>
			<DCCReference Include="..\..\Source\Dsp\DAV_DspLMS.pas"/>
			<DCCReference Include="..\..\Source\Dsp\DAV_DspLorenzOscilator.pas"/>
			<DCCReference Include="..\..\Source\Dsp\DAV_DspMetronome.pas"/>
			<DCCReference Include="..\..\Source\Dsp\DAV_DspMinBlep.pas"/>
			<DCCReference Include="..\..\Source\Dsp\DAV_DspModDelay.pas"/>
			<DCCReference Include="..\..\Source\Dsp\DAV_DspNoiseShapingFilterDesigner.pas"/>
			<DCCReference Include="..\..\Source\Dsp\DAV_DspParametricEQ.pas"/>
			<DCCReference Include="..\..\Source\Dsp\DAV_DspPhaser.pas"/>
			<DCCReference Include="..\..\Source\Dsp\DAV_DspPinkNoiseGenerator.pas"/>
			<DCCReference Include="..\..\Source\Dsp\DAV_DspPlateReverb.pas"/>
			<DCCReference Include="..\..\Source\Dsp\DAV_DspPolyphaseDownsampler.pas"/>
			<DCCReference Include="..\..\Source\Dsp\DAV_DspPolyphaseFilter.pas"/>
			<DCCReference Include="..\..\Source\Dsp\DAV_DspPolyphaseHilbert.pas"/>
			<DCCReference Include="..\..\Source\Dsp\DAV_DspPolyphaseIirDesigner.pas"/>
			<DCCReference Include="..\..\Source\Dsp\DAV_DspPolyphaseUpsampler.pas"/>
			<DCCReference Include="..\..\Source\Dsp\DAV_DspPsychoacousticBassEnhancer.pas"/>
			<DCCReference Include="..\..\Source\Dsp\DAV_DspRemez.pas"/>
			<DCCReference Include="..\..\Source\Dsp\DAV_DspRingModulator.pas"/>
			<DCCReference Include="..\..\Source\Dsp\DAV_DspSimpleOscillator.pas"/>
			<DCCReference Include="..\..\Source\DSP\DAV_DspSpectralEffects.pas"/>
			<DCCReference Include="..\..\Source\DSP\DAV_DspSpectralFilters.pas"/>
			<DCCReference Include="..\..\Source\DSP\DAV_DspSpectralNoiseReduction.pas"/>
			<DCCReference Include="..\..\Source\DSP\DAV_DspSpectrumInterpolation.pas"/>
			<DCCReference Include="..\..\Source\Dsp\DAV_DspStateVariableFilter.pas"/>
			<DCCReference Include="..\..\Source\Dsp\DAV_DspSweepOscillator.pas"/>
			<DCCReference Include="..\..\Source\Dsp\DAV_DspTransientProcessor.pas"/>
			<DCCReference Include="..\..\Source\Dsp\DAV_DspTuner.pas"/>
			<DCCReference Include="..\..\Source\Dsp\DAV_DspUpDownsampling.pas"/>
			<DCCReference Include="..\..\Source\Dsp\DAV_DspVariableDelay.pas"/>
			<DCCReference Include="..\..\Source\Dsp\DAV_DspVibrato.pas"/>
			<DCCReference Include="..\..\Source\Dsp\DAV_DspVocoder.pas"/>
			<DCCReference Include="..\..\Source\Dsp\DAV_DspVoiceSynth.pas"/>
			<DCCReference Include="..\..\Source\Dsp\DAV_DspWaveshaper.pas"/>
			<DCCReference Include="..\..\Source\DSP\DAV_DspWindowFunctions.pas"/>
			<DCCReference Include="..\..\Source\Dsp\DAV_DspWindowing.pas"/>
			<BuildConfiguration Include="Basis">
				<Key>Base</Key>
			</BuildConfiguration>
			<BuildConfiguration Include="Debug">
				<Key>Cfg_2</Key>
				<CfgParent>Base</CfgParent>
			</BuildConfiguration>
			<BuildConfiguration Include="Release">
				<Key>Cfg_1</Key>
				<CfgParent>Base</CfgParent>
			</BuildConfiguration>
		</ItemGroup>
		<Import Project="$(BDS)\Bin\CodeGear.Delphi.Targets" Condition="Exists('$(BDS)\Bin\CodeGear.Delphi.Targets')"/>
		<ProjectExtensions>
			<Borland.Personality>Delphi.Personality.12</Borland.Personality>
			<Borland.ProjectType>Package</Borland.ProjectType>
			<BorlandProject>
				<Delphi.Personality>
					<Source>
						<Source Name="MainSource">DAV_DSP_D14.dpk</Source>
					</Source>
					<Parameters>
						<Parameters Name="UseLauncher">False</Parameters>
						<Parameters Name="LoadAllSymbols">True</Parameters>
						<Parameters Name="LoadUnspecifiedSymbols">False</Parameters>
					</Parameters>
					<VersionInfo>
						<VersionInfo Name="IncludeVerInfo">True</VersionInfo>
						<VersionInfo Name="AutoIncBuild">False</VersionInfo>
						<VersionInfo Name="MajorVer">1</VersionInfo>
						<VersionInfo Name="MinorVer">0</VersionInfo>
						<VersionInfo Name="Release">0</VersionInfo>
						<VersionInfo Name="Build">0</VersionInfo>
						<VersionInfo Name="Debug">False</VersionInfo>
						<VersionInfo Name="PreRelease">False</VersionInfo>
						<VersionInfo Name="Special">False</VersionInfo>
						<VersionInfo Name="Private">False</VersionInfo>
						<VersionInfo Name="DLL">False</VersionInfo>
						<VersionInfo Name="Locale">1031</VersionInfo>
						<VersionInfo Name="CodePage">1252</VersionInfo>
					</VersionInfo>
					<VersionInfoKeys>
						<VersionInfoKeys Name="CompanyName"/>
						<VersionInfoKeys Name="FileDescription"/>
						<VersionInfoKeys Name="FileVersion">1.0.0.0</VersionInfoKeys>
						<VersionInfoKeys Name="InternalName"/>
						<VersionInfoKeys Name="LegalCopyright"/>
						<VersionInfoKeys Name="LegalTrademarks"/>
						<VersionInfoKeys Name="OriginalFilename"/>
						<VersionInfoKeys Name="ProductName"/>
						<VersionInfoKeys Name="ProductVersion">1.0.0.0</VersionInfoKeys>
						<VersionInfoKeys Name="Comments"/>
						<VersionInfoKeys Name="Last Compile">2010-10-15 22:45</VersionInfoKeys>
					</VersionInfoKeys>
				</Delphi.Personality>
			</BorlandProject>
			<ProjectFileVersion>12</ProjectFileVersion>
		</ProjectExtensions>
	</Project>
