<?xml version="1.0"?>
<CONFIG>
  <ProjectOptions>
    <Version Value="9"/>
    <PathDelim Value="\"/>
    <General>
      <Flags>
        <MainUnitHasCreateFormStatements Value="False"/>
        <MainUnitHasTitleStatement Value="False"/>
        <LRSInOutputDirectory Value="False"/>
      </Flags>
      <MainUnit Value="0"/>
      <ResourceType Value="res"/>
    </General>
    <i18n>
      <EnableI18N LFM="False"/>
    </i18n>
    <VersionInfo>
      <StringTable ProductVersion=""/>
    </VersionInfo>
    <BuildModes Count="1" Active="Default">
      <Item1 Name="Default" Default="True"/>
    </BuildModes>
    <PublishOptions>
      <Version Value="2"/>
      <IncludeFileFilter Value="*.(pas|pp|inc|lfm|lpr|lrs|lpi|lpk|sh|xml)"/>
      <ExcludeFileFilter Value="*.(bak|ppu|o|so);*~;backup"/>
    </PublishOptions>
    <RunParams>
      <local>
        <FormatVersion Value="1"/>
      </local>
    </RunParams>
    <RequiredPackages Count="1">
      <Item1>
        <PackageName Value="DAV_VSTPlugin_Lazarus"/>
      </Item1>
    </RequiredPackages>
    <Units Count="3">
      <Unit0>
        <Filename Value="Decimator.lpr"/>
        <IsPartOfProject Value="True"/>
        <WindowIndex Value="0"/>
        <TopLine Value="7"/>
        <CursorPos X="42" Y="27"/>
        <UsageCount Value="20"/>
      </Unit0>
      <Unit1>
        <Filename Value="DecimatorModule.pas"/>
        <IsPartOfProject Value="True"/>
        <HasResources Value="True"/>
        <UnitName Value="DecimatorModule"/>
        <WindowIndex Value="0"/>
        <TopLine Value="59"/>
        <CursorPos X="1" Y="86"/>
        <UsageCount Value="20"/>
      </Unit1>
      <Unit2>
        <Filename Value="DecimatorGUI.pas"/>
        <IsPartOfProject Value="True"/>
        <HasResources Value="True"/>
        <UnitName Value="DecimatorGUI"/>
        <IsVisibleTab Value="True"/>
        <WindowIndex Value="0"/>
        <TopLine Value="19"/>
        <CursorPos X="1" Y="1"/>
        <UsageCount Value="20"/>
      </Unit2>
    </Units>
    <JumpHistory Count="0" HistoryIndex="-1"/>
  </ProjectOptions>
  <CompilerOptions>
    <Version Value="9"/>
    <PathDelim Value="\"/>
    <SearchPaths>
      <IncludeFiles Value="..\..\..\source"/>
      <OtherUnitFiles Value="..\..\..\Source;..\..\..\Source\VST;..\..\..\Source\Math;..\..\..\Source\DSP;..\..\..\Source\GUI;..\..\..\Source\FileFormats"/>
      <UnitOutputDirectory Value="..\..\..\UnitCache\$(TargetOS)"/>
    </SearchPaths>
    <Parsing>
      <SyntaxOptions>
        <UseAnsiStrings Value="False"/>
      </SyntaxOptions>
    </Parsing>
    <CodeGeneration>
      <SmartLinkUnit Value="True"/>
    </CodeGeneration>
    <Linking>
      <Debugging>
        <UseLineInfoUnit Value="False"/>
        <StripSymbols Value="True"/>
      </Debugging>
      <LinkSmart Value="True"/>
      <Options>
        <Win32>
          <GraphicApplication Value="True"/>
        </Win32>
        <ExecutableType Value="Library"/>
      </Options>
    </Linking>
    <Other>
      <CompilerMessages>
        <UseMsgFile Value="True"/>
      </CompilerMessages>
      <CompilerPath Value="$(CompPath)"/>
    </Other>
  </CompilerOptions>
  <Debugging>
    <Exceptions Count="3">
      <Item1>
        <Name Value="EAbort"/>
      </Item1>
      <Item2>
        <Name Value="ECodetoolError"/>
      </Item2>
      <Item3>
        <Name Value="EFOpenError"/>
      </Item3>
    </Exceptions>
  </Debugging>
</CONFIG>
