<?xml version="1.0"?>
<CONFIG>
  <ProjectOptions>
    <Version Value="9"/>
    <PathDelim Value="\"/>
    <General>
      <Flags>
        <MainUnitHasCreateFormStatements Value="False"/>
        <MainUnitHasTitleStatement Value="False"/>
        <LRSInOutputDirectory Value="False"/>
      </Flags>
      <MainUnit Value="0"/>
      <Title Value="Simple Limiter"/>
      <ResourceType Value="res"/>
      <UseXPManifest Value="True"/>
    </General>
    <i18n>
      <EnableI18N LFM="False"/>
    </i18n>
    <VersionInfo>
      <StringTable ProductVersion=""/>
    </VersionInfo>
    <BuildModes Count="1" Active="Default">
      <Item1 Name="Default" Default="True"/>
    </BuildModes>
    <PublishOptions>
      <Version Value="2"/>
      <IncludeFileFilter Value="*.(pas|pp|inc|lfm|lpr|lrs|lpi|lpk|sh|xml)"/>
      <ExcludeFileFilter Value="*.(bak|ppu|ppw|o|so);*~;backup"/>
    </PublishOptions>
    <RunParams>
      <local>
        <FormatVersion Value="1"/>
      </local>
    </RunParams>
    <RequiredPackages Count="1">
      <Item1>
        <PackageName Value="DAV_VSTPlugin_Lazarus"/>
      </Item1>
    </RequiredPackages>
    <Units Count="6">
      <Unit0>
        <Filename Value="SimpleLimiter.lpr"/>
        <IsPartOfProject Value="True"/>
        <WindowIndex Value="0"/>
        <TopLine Value="1"/>
        <CursorPos X="1" Y="8"/>
        <UsageCount Value="21"/>
      </Unit0>
      <Unit1>
        <Filename Value="SimpleLimiterDM.pas"/>
        <IsPartOfProject Value="True"/>
        <ComponentName Value="SimpleLimiterDataModule"/>
        <HasResources Value="True"/>
        <ResourceBaseClass Value="DataModule"/>
        <UnitName Value="SimpleLimiterDM"/>
        <WindowIndex Value="0"/>
        <TopLine Value="24"/>
        <CursorPos X="34" Y="38"/>
        <UsageCount Value="21"/>
      </Unit1>
      <Unit2>
        <Filename Value="EditorFrm.pas"/>
        <IsPartOfProject Value="True"/>
        <ComponentName Value="EditorForm"/>
        <HasResources Value="True"/>
        <ResourceBaseClass Value="Form"/>
        <UnitName Value="EditorFrm"/>
        <WindowIndex Value="0"/>
        <TopLine Value="24"/>
        <CursorPos X="24" Y="38"/>
        <UsageCount Value="21"/>
      </Unit2>
      <Unit3>
        <Filename Value="..\..\..\..\Source\VST\DAV_VSTModule.pas"/>
        <UnitName Value="DAV_VSTModule"/>
        <WindowIndex Value="0"/>
        <TopLine Value="103"/>
        <CursorPos X="42" Y="117"/>
        <UsageCount Value="10"/>
      </Unit3>
      <Unit4>
        <Filename Value="..\..\..\..\Source\VST\DAV_VSTParameters.pas"/>
        <UnitName Value="DAV_VSTParameters"/>
        <WindowIndex Value="0"/>
        <TopLine Value="175"/>
        <CursorPos X="63" Y="189"/>
        <UsageCount Value="10"/>
      </Unit4>
      <Unit5>
        <Filename Value="..\..\..\..\Source\VST\DAV_VSTCustomModule.pas"/>
        <UnitName Value="DAV_VSTCustomModule"/>
        <IsVisibleTab Value="True"/>
        <WindowIndex Value="0"/>
        <TopLine Value="1387"/>
        <CursorPos X="5" Y="1414"/>
        <UsageCount Value="10"/>
      </Unit5>
    </Units>
    <JumpHistory Count="0" HistoryIndex="-1"/>
  </ProjectOptions>
  <CompilerOptions>
    <Version Value="9"/>
    <PathDelim Value="\"/>
    <SearchPaths>
      <IncludeFiles Value="..\..\..\..\Source"/>
      <OtherUnitFiles Value="..\..\..\..\Source;..\..\..\..\Source\DSP;..\..\..\..\Source\GUI;..\..\..\..\Source\FileFormats;..\..\..\..\Source\Math;..\..\..\..\Source\VST"/>
      <UnitOutputDirectory Value="..\..\..\..\UnitCache\$(TargetOS)"/>
    </SearchPaths>
    <Linking>
      <Debugging>
        <UseLineInfoUnit Value="False"/>
        <StripSymbols Value="True"/>
      </Debugging>
      <LinkSmart Value="True"/>
      <Options>
        <Win32>
          <GraphicApplication Value="True"/>
        </Win32>
        <ExecutableType Value="Library"/>
      </Options>
    </Linking>
    <Other>
      <CompilerPath Value="$(CompPath)"/>
    </Other>
  </CompilerOptions>
  <Debugging>
    <Exceptions Count="3">
      <Item1>
        <Name Value="EAbort"/>
      </Item1>
      <Item2>
        <Name Value="ECodetoolError"/>
      </Item2>
      <Item3>
        <Name Value="EFOpenError"/>
      </Item3>
    </Exceptions>
  </Debugging>
</CONFIG>
