<?xml version="1.0"?>
<CONFIG>
  <ProjectOptions>
    <Version Value="9"/>
    <PathDelim Value="\"/>
    <General>
      <Flags>
        <MainUnitHasCreateFormStatements Value="False"/>
        <MainUnitHasTitleStatement Value="False"/>
        <Runnable Value="False"/>
      </Flags>
      <MainUnit Value="0"/>
      <UseAppBundle Value="False"/>
      <ActiveWindowIndexAtStart Value="0"/>
    </General>
    <VersionInfo>
      <StringTable ProductVersion=""/>
    </VersionInfo>
    <BuildModes Count="2" Active="Release">
      <Item1 Name="Release" Default="True"/>
      <Item2 Name="Debug">
        <CompilerOptions>
          <Version Value="10"/>
          <PathDelim Value="\"/>
          <Target>
            <Filename Value="..\..\..\..\Bin\Win64\VST\Dual Linkwitz Riley Filter (x64).dll"/>
          </Target>
          <SearchPaths>
            <IncludeFiles Value="..\..\..\..\Source;$(ProjOutDir)"/>
            <OtherUnitFiles Value="..\..\..\..\Source;..\..\..\..\Source\VST;..\..\..\..\Source\DSP;..\..\..\..\Source\Math;..\..\..\..\Source\FileFormats;..\..\..\..\Source\GUI"/>
            <UnitOutputDirectory Value="..\..\..\..\Precompiles"/>
          </SearchPaths>
          <Parsing>
            <SyntaxOptions>
              <SyntaxMode Value="Delphi"/>
              <CStyleOperator Value="False"/>
              <IncludeAssertionCode Value="True"/>
              <CPPInline Value="False"/>
            </SyntaxOptions>
          </Parsing>
          <CodeGeneration>
            <SmartLinkUnit Value="True"/>
            <TargetCPU Value="i386"/>
            <TargetOS Value="win32"/>
          </CodeGeneration>
          <Linking>
            <Debugging>
              <GenerateDebugInfo Value="True"/>
            </Debugging>
            <LinkSmart Value="True"/>
            <Options>
              <ExecutableType Value="Library"/>
            </Options>
          </Linking>
          <Other>
            <CompilerMessages>
              <UseMsgFile Value="True"/>
            </CompilerMessages>
            <CompilerPath Value="$(CompPath)"/>
          </Other>
        </CompilerOptions>
      </Item2>
    </BuildModes>
    <PublishOptions>
      <Version Value="2"/>
      <IgnoreBinaries Value="False"/>
      <IncludeFileFilter Value="*.(pas|pp|inc|lfm|lpr|lrs|lpi|lpk|sh|xml)"/>
      <ExcludeFileFilter Value="*.(bak|ppu|ppw|o|so);*~;backup"/>
    </PublishOptions>
    <RunParams>
      <local>
        <FormatVersion Value="1"/>
        <HostApplicationFilename Value="C:\Users\Christian Budde\Projects\VSTPack\Bin\VST Plugin Analyser.exe"/>
        <CommandLineParams Value="DualLinkwitzRileyFilters.DLL"/>
        <LaunchingApplication PathPlusParams="/usr/X11R6/bin/xterm -T 'Lazarus Run Output' -e $(LazarusDir)/tools/runwait.sh $(TargetCmdLine)"/>
      </local>
    </RunParams>
    <RequiredPackages Count="5">
      <Item1>
        <PackageName Value="DAV_GUI_Lazarus"/>
      </Item1>
      <Item2>
        <PackageName Value="DAV_VSTPlugin_Lazarus"/>
      </Item2>
      <Item3>
        <PackageName Value="DAV_DSP_Lazarus"/>
      </Item3>
      <Item4>
        <PackageName Value="DAV_Common_Lazarus"/>
      </Item4>
      <Item5>
        <PackageName Value="LCL"/>
      </Item5>
    </RequiredPackages>
    <Units Count="9">
      <Unit0>
        <Filename Value="DualLinkwitzRileyFilters.lpr"/>
        <IsPartOfProject Value="True"/>
        <EditorIndex Value="1"/>
        <WindowIndex Value="0"/>
        <TopLine Value="1"/>
        <CursorPos X="1" Y="15"/>
        <UsageCount Value="32"/>
        <Loaded Value="True"/>
        <DefaultSyntaxHighlighter Value="Delphi"/>
      </Unit0>
      <Unit1>
        <Filename Value="DualLinkwitzRileyFiltersDM.pas"/>
        <IsPartOfProject Value="True"/>
        <ComponentName Value="DualLinkwitzRileyFiltersModule"/>
        <HasResources Value="True"/>
        <ResourceBaseClass Value="DataModule"/>
        <UnitName Value="DualLinkwitzRileyFiltersDM"/>
        <EditorIndex Value="0"/>
        <WindowIndex Value="0"/>
        <TopLine Value="24"/>
        <CursorPos X="68" Y="50"/>
        <UsageCount Value="32"/>
        <Loaded Value="True"/>
        <DefaultSyntaxHighlighter Value="Delphi"/>
      </Unit1>
      <Unit2>
        <Filename Value="..\..\..\..\Source\DAV_Common.pas"/>
        <UnitName Value="DAV_Common"/>
        <TopLine Value="1"/>
        <CursorPos X="1" Y="1"/>
        <UsageCount Value="9"/>
        <DefaultSyntaxHighlighter Value="Delphi"/>
      </Unit2>
      <Unit3>
        <Filename Value="..\..\..\..\Source\VST\DAV_VSTOfflineTask.pas"/>
        <UnitName Value="DAV_VSTOfflineTask"/>
        <TopLine Value="1"/>
        <CursorPos X="1" Y="1"/>
        <UsageCount Value="9"/>
        <DefaultSyntaxHighlighter Value="Delphi"/>
      </Unit3>
      <Unit4>
        <Filename Value="..\..\..\..\Source\DSP\DAV_DspLinkwitzRileyFilter.pas"/>
        <UnitName Value="DAV_DspLinkwitzRileyFilter"/>
        <TopLine Value="651"/>
        <CursorPos X="19" Y="661"/>
        <UsageCount Value="9"/>
        <DefaultSyntaxHighlighter Value="Delphi"/>
      </Unit4>
      <Unit5>
        <Filename Value="DualLinkwitzRileyFiltersGui.pas"/>
        <ComponentName Value="FmLinkwitzRiley"/>
        <HasResources Value="True"/>
        <ResourceBaseClass Value="Form"/>
        <UnitName Value="DualLinkwitzRileyFiltersGui"/>
        <IsVisibleTab Value="True"/>
        <EditorIndex Value="2"/>
        <WindowIndex Value="0"/>
        <TopLine Value="22"/>
        <CursorPos X="19" Y="44"/>
        <UsageCount Value="16"/>
        <Loaded Value="True"/>
        <LoadedDesigner Value="True"/>
        <DefaultSyntaxHighlighter Value="Delphi"/>
      </Unit5>
      <Unit6>
        <Filename Value="..\..\..\..\Source\GUI\DAV_GuiPanel.pas"/>
        <UnitName Value="DAV_GuiPanel"/>
        <WindowIndex Value="0"/>
        <TopLine Value="152"/>
        <CursorPos X="1" Y="162"/>
        <UsageCount Value="10"/>
        <DefaultSyntaxHighlighter Value="Delphi"/>
      </Unit6>
      <Unit7>
        <Filename Value="..\..\..\..\Packages\Lazarus\DAV_Common_Lazarus.pas"/>
        <UnitName Value="DAV_Common_Lazarus"/>
        <WindowIndex Value="0"/>
        <TopLine Value="1"/>
        <CursorPos X="1" Y="15"/>
        <UsageCount Value="10"/>
      </Unit7>
      <Unit8>
        <Filename Value="..\..\..\..\Source\GUI\DAV_GuiBaseControl.pas"/>
        <UnitName Value="DAV_GuiBaseControl"/>
        <TopLine Value="316"/>
        <CursorPos X="43" Y="322"/>
        <UsageCount Value="10"/>
        <DefaultSyntaxHighlighter Value="Delphi"/>
      </Unit8>
    </Units>
    <JumpHistory Count="1" HistoryIndex="0">
      <Position1>
        <Filename Value="DualLinkwitzRileyFilters.lpr"/>
        <Caret Line="15" Column="18" TopLine="1"/>
      </Position1>
    </JumpHistory>
  </ProjectOptions>
  <CompilerOptions>
    <Version Value="10"/>
    <PathDelim Value="\"/>
    <Target>
      <Filename Value="..\..\..\..\Bin\Win64\VST\Dual Linkwitz Riley Filter (x64).dll"/>
    </Target>
    <SearchPaths>
      <IncludeFiles Value="..\..\..\..\Source;$(ProjOutDir)"/>
      <OtherUnitFiles Value="..\..\..\..\Source;..\..\..\..\Source\VST;..\..\..\..\Source\DSP;..\..\..\..\Source\Math;..\..\..\..\Source\FileFormats;..\..\..\..\Source\GUI"/>
      <UnitOutputDirectory Value="..\..\..\..\Precompiles"/>
    </SearchPaths>
    <Parsing>
      <SyntaxOptions>
        <SyntaxMode Value="Delphi"/>
        <CStyleOperator Value="False"/>
        <CPPInline Value="False"/>
      </SyntaxOptions>
    </Parsing>
    <CodeGeneration>
      <SmartLinkUnit Value="True"/>
    </CodeGeneration>
    <Linking>
      <Debugging>
        <UseLineInfoUnit Value="False"/>
        <StripSymbols Value="True"/>
      </Debugging>
      <LinkSmart Value="True"/>
      <Options>
        <Win32>
          <GraphicApplication Value="True"/>
        </Win32>
        <ExecutableType Value="Library"/>
      </Options>
    </Linking>
    <Other>
      <Verbosity>
        <ShowHints Value="False"/>
      </Verbosity>
      <CompilerMessages>
        <UseMsgFile Value="True"/>
      </CompilerMessages>
      <CompilerPath Value="$(CompPath)"/>
    </Other>
  </CompilerOptions>
  <Debugging>
    <Exceptions Count="3">
      <Item1>
        <Name Value="EAbort"/>
      </Item1>
      <Item2>
        <Name Value="ECodetoolError"/>
      </Item2>
      <Item3>
        <Name Value="EFOpenError"/>
      </Item3>
    </Exceptions>
  </Debugging>
</CONFIG>
