<?xml version="1.0"?>
<CONFIG>
  <ProjectOptions>
    <Version Value="9"/>
    <PathDelim Value="\"/>
    <General>
      <Flags>
        <LRSInOutputDirectory Value="False"/>
      </Flags>
      <MainUnit Value="0"/>
      <ResourceType Value="res"/>
      <UseXPManifest Value="True"/>
      <ActiveWindowIndexAtStart Value="0"/>
    </General>
    <i18n>
      <EnableI18N LFM="False"/>
    </i18n>
    <VersionInfo>
      <StringTable ProductVersion=""/>
    </VersionInfo>
    <BuildModes Count="1" Active="Default">
      <Item1 Name="Default" Default="True"/>
    </BuildModes>
    <PublishOptions>
      <Version Value="2"/>
      <IncludeFileFilter Value="*.(pas|pp|inc|lfm|lpr|lrs|lpi|lpk|sh|xml)"/>
      <ExcludeFileFilter Value="*.(bak|ppu|o|so);*~;backup"/>
    </PublishOptions>
    <RunParams>
      <local>
        <FormatVersion Value="1"/>
      </local>
    </RunParams>
    <RequiredPackages Count="1">
      <Item1>
        <PackageName Value="LCL"/>
      </Item1>
    </RequiredPackages>
    <Units Count="4">
      <Unit0>
        <Filename Value="ButtonTest.lpr"/>
        <IsPartOfProject Value="True"/>
        <EditorIndex Value="0"/>
        <WindowIndex Value="0"/>
        <TopLine Value="1"/>
        <CursorPos X="1" Y="4"/>
        <UsageCount Value="20"/>
        <Loaded Value="True"/>
      </Unit0>
      <Unit1>
        <Filename Value="ButtonTestMain.pas"/>
        <IsPartOfProject Value="True"/>
        <ComponentName Value="FmButton"/>
        <HasResources Value="True"/>
        <ResourceBaseClass Value="Form"/>
        <UnitName Value="ButtonTestMain"/>
        <IsVisibleTab Value="True"/>
        <EditorIndex Value="1"/>
        <WindowIndex Value="0"/>
        <TopLine Value="82"/>
        <CursorPos X="49" Y="84"/>
        <UsageCount Value="20"/>
        <Loaded Value="True"/>
        <LoadedDesigner Value="True"/>
      </Unit1>
      <Unit2>
        <Filename Value="..\..\..\Source\GUI\DAV_GuiPixelMap.pas"/>
        <UnitName Value="DAV_GuiPixelMap"/>
        <EditorIndex Value="3"/>
        <WindowIndex Value="0"/>
        <TopLine Value="549"/>
        <CursorPos X="23" Y="565"/>
        <UsageCount Value="10"/>
        <Loaded Value="True"/>
      </Unit2>
      <Unit3>
        <Filename Value="..\..\..\Source\GUI\DAV_GuiButton.pas"/>
        <UnitName Value="DAV_GuiButton"/>
        <EditorIndex Value="2"/>
        <WindowIndex Value="0"/>
        <TopLine Value="232"/>
        <CursorPos X="1" Y="246"/>
        <UsageCount Value="10"/>
        <Loaded Value="True"/>
      </Unit3>
    </Units>
    <JumpHistory Count="11" HistoryIndex="10">
      <Position1>
        <Filename Value="ButtonTest.lpr"/>
        <Caret Line="8" Column="13" TopLine="1"/>
      </Position1>
      <Position2>
        <Filename Value="..\..\..\Source\GUI\DAV_GuiButton.pas"/>
        <Caret Line="105" Column="33" TopLine="91"/>
      </Position2>
      <Position3>
        <Filename Value="..\..\..\Source\GUI\DAV_GuiButton.pas"/>
        <Caret Line="109" Column="21" TopLine="91"/>
      </Position3>
      <Position4>
        <Filename Value="..\..\..\Source\GUI\DAV_GuiButton.pas"/>
        <Caret Line="135" Column="21" TopLine="108"/>
      </Position4>
      <Position5>
        <Filename Value="..\..\..\Source\GUI\DAV_GuiButton.pas"/>
        <Caret Line="246" Column="27" TopLine="220"/>
      </Position5>
      <Position6>
        <Filename Value="..\..\..\Source\GUI\DAV_GuiButton.pas"/>
        <Caret Line="41" Column="25" TopLine="13"/>
      </Position6>
      <Position7>
        <Filename Value="..\..\..\Source\GUI\DAV_GuiPixelMap.pas"/>
        <Caret Line="446" Column="5" TopLine="423"/>
      </Position7>
      <Position8>
        <Filename Value="..\..\..\Source\GUI\DAV_GuiPixelMap.pas"/>
        <Caret Line="456" Column="1" TopLine="438"/>
      </Position8>
      <Position9>
        <Filename Value="ButtonTestMain.pas"/>
        <Caret Line="40" Column="47" TopLine="33"/>
      </Position9>
      <Position10>
        <Filename Value="..\..\..\Source\GUI\DAV_GuiButton.pas"/>
        <Caret Line="94" Column="1" TopLine="94"/>
      </Position10>
      <Position11>
        <Filename Value="ButtonTestMain.pas"/>
        <Caret Line="40" Column="47" TopLine="33"/>
      </Position11>
    </JumpHistory>
  </ProjectOptions>
  <CompilerOptions>
    <Version Value="9"/>
    <PathDelim Value="\"/>
    <SearchPaths>
      <IncludeFiles Value="..\..\..\source"/>
      <OtherUnitFiles Value="..\..\..\Source;..\..\..\Source\VST;..\..\..\Source\Math;..\..\..\Source\DSP;..\..\..\Source\GUI;..\..\..\Source\FileFormats"/>
      <UnitOutputDirectory Value="..\..\..\UnitCache\$(TargetOS)"/>
    </SearchPaths>
    <Parsing>
      <SyntaxOptions>
        <UseAnsiStrings Value="False"/>
      </SyntaxOptions>
    </Parsing>
    <CodeGeneration>
      <SmartLinkUnit Value="True"/>
    </CodeGeneration>
    <Linking>
      <Debugging>
        <UseLineInfoUnit Value="False"/>
        <StripSymbols Value="True"/>
      </Debugging>
      <LinkSmart Value="True"/>
      <Options>
        <Win32>
          <GraphicApplication Value="True"/>
        </Win32>
      </Options>
    </Linking>
    <Other>
      <CompilerMessages>
        <UseMsgFile Value="True"/>
      </CompilerMessages>
      <CompilerPath Value="$(CompPath)"/>
    </Other>
  </CompilerOptions>
  <Debugging>
    <Exceptions Count="3">
      <Item1>
        <Name Value="EAbort"/>
      </Item1>
      <Item2>
        <Name Value="ECodetoolError"/>
      </Item2>
      <Item3>
        <Name Value="EFOpenError"/>
      </Item3>
    </Exceptions>
  </Debugging>
</CONFIG>
