<?xml version="1.0"?>
<CONFIG>
  <ProjectOptions>
    <Version Value="9"/>
    <PathDelim Value="\"/>
    <General>
      <Flags>
        <MainUnitHasCreateFormStatements Value="False"/>
        <MainUnitHasTitleStatement Value="False"/>
        <LRSInOutputDirectory Value="False"/>
      </Flags>
      <SessionStorage Value="InProjectDir"/>
      <MainUnit Value="0"/>
      <ResourceType Value="res"/>
    </General>
    <i18n>
      <EnableI18N LFM="False"/>
    </i18n>
    <VersionInfo>
      <StringTable ProductVersion=""/>
    </VersionInfo>
    <BuildModes Count="2">
      <Item1 Name="Release" Default="True"/>
      <Item2 Name="Debug">
        <CompilerOptions>
          <Version Value="10"/>
          <PathDelim Value="\"/>
          <Target>
            <Filename Value="..\..\..\Bin\"/>
          </Target>
          <SearchPaths>
            <IncludeFiles Value="..\..\..\Source"/>
            <OtherUnitFiles Value="..\..\..\Source;..\..\..\Source\DSP;..\..\..\Source\VST;..\..\..\Source\Math;..\..\..\Source\GUI"/>
            <UnitOutputDirectory Value="..\..\..\UnitCache\$(TargetOS)"/>
          </SearchPaths>
          <Parsing>
            <SyntaxOptions>
              <SyntaxMode Value="Delphi"/>
              <CStyleOperator Value="False"/>
              <IncludeAssertionCode Value="True"/>
              <CPPInline Value="False"/>
            </SyntaxOptions>
          </Parsing>
          <CodeGeneration>
            <SmartLinkUnit Value="True"/>
          </CodeGeneration>
          <Linking>
            <Debugging>
              <GenerateDebugInfo Value="True"/>
            </Debugging>
            <LinkSmart Value="True"/>
            <Options>
              <Win32>
                <GraphicApplication Value="True"/>
              </Win32>
              <ExecutableType Value="Library"/>
            </Options>
          </Linking>
          <Other>
            <CompilerMessages>
              <UseMsgFile Value="True"/>
            </CompilerMessages>
            <CompilerPath Value="$(CompPath)"/>
          </Other>
        </CompilerOptions>
      </Item2>
    </BuildModes>
    <PublishOptions>
      <Version Value="2"/>
      <IncludeFileFilter Value="*.(pas|pp|inc|lfm|lpr|lrs|lpi|lpk|sh|xml)"/>
      <ExcludeFileFilter Value="*.(bak|ppu|o|so);*~;backup"/>
    </PublishOptions>
    <RunParams>
      <local>
        <FormatVersion Value="1"/>
        <HostApplicationFilename Value="C:\Users\Public\Code\VSTPack\Bin\VST-Plugin Unit Test (x64).exe"/>
        <CommandLineParams Value="&quot;Phase Rotator (x64).dll&quot;"/>
      </local>
    </RunParams>
    <RequiredPackages Count="4">
      <Item1>
        <PackageName Value="DAV_DSP_Lazarus"/>
      </Item1>
      <Item2>
        <PackageName Value="DAV_Common_Lazarus"/>
      </Item2>
      <Item3>
        <PackageName Value="LCL"/>
      </Item3>
      <Item4>
        <PackageName Value="DAV_VSTPlugin_Lazarus"/>
      </Item4>
    </RequiredPackages>
    <Units Count="3">
      <Unit0>
        <Filename Value="PhaseRotator.lpr"/>
        <IsPartOfProject Value="True"/>
      </Unit0>
      <Unit1>
        <Filename Value="PhaseRotatorDSP.pas"/>
        <IsPartOfProject Value="True"/>
        <ComponentName Value="PhaseRotatorModule"/>
        <HasResources Value="True"/>
        <ResourceBaseClass Value="DataModule"/>
        <UnitName Value="PhaseRotatorDSP"/>
      </Unit1>
      <Unit2>
        <Filename Value="PhaseRotatorGUI.pas"/>
        <IsPartOfProject Value="True"/>
        <ComponentName Value="FmPhaseRotator"/>
        <HasResources Value="True"/>
        <ResourceBaseClass Value="Form"/>
        <UnitName Value="PhaseRotatorGUI"/>
      </Unit2>
    </Units>
  </ProjectOptions>
  <CompilerOptions>
    <Version Value="10"/>
    <PathDelim Value="\"/>
    <Target>
      <Filename Value="..\..\..\Bin\Phase Rotator (x64).dll"/>
    </Target>
    <SearchPaths>
      <IncludeFiles Value="..\..\..\Source"/>
      <OtherUnitFiles Value="..\..\..\Source;..\..\..\Source\DSP;..\..\..\Source\VST;..\..\..\Source\Math;..\..\..\Source\GUI;..\..\..\Source\FileFormats"/>
      <UnitOutputDirectory Value="..\..\..\UnitCache\$(TargetOS)"/>
    </SearchPaths>
    <Parsing>
      <SyntaxOptions>
        <SyntaxMode Value="Delphi"/>
        <CStyleOperator Value="False"/>
        <CPPInline Value="False"/>
      </SyntaxOptions>
    </Parsing>
    <CodeGeneration>
      <SmartLinkUnit Value="True"/>
    </CodeGeneration>
    <Linking>
      <Debugging>
        <UseLineInfoUnit Value="False"/>
        <StripSymbols Value="True"/>
      </Debugging>
      <LinkSmart Value="True"/>
      <Options>
        <Win32>
          <GraphicApplication Value="True"/>
        </Win32>
        <ExecutableType Value="Library"/>
      </Options>
    </Linking>
    <Other>
      <CompilerMessages>
        <UseMsgFile Value="True"/>
      </CompilerMessages>
      <CompilerPath Value="$(CompPath)"/>
    </Other>
  </CompilerOptions>
  <Debugging>
    <Exceptions Count="3">
      <Item1>
        <Name Value="EAbort"/>
      </Item1>
      <Item2>
        <Name Value="ECodetoolError"/>
      </Item2>
      <Item3>
        <Name Value="EFOpenError"/>
      </Item3>
    </Exceptions>
  </Debugging>
</CONFIG>
