<?xml version="1.0"?>
<CONFIG>
  <ProjectOptions>
    <Version Value="9"/>
    <PathDelim Value="\"/>
    <General>
      <Flags>
        <MainUnitHasCreateFormStatements Value="False"/>
        <MainUnitHasTitleStatement Value="False"/>
        <LRSInOutputDirectory Value="False"/>
      </Flags>
      <SessionStorage Value="InProjectDir"/>
      <MainUnit Value="0"/>
      <ResourceType Value="res"/>
    </General>
    <BuildModes Count="3">
      <Item1 Name="Release" Default="True"/>
      <Item2 Name="Debug">
        <CompilerOptions>
          <Version Value="10"/>
          <PathDelim Value="\"/>
          <Target>
            <Filename Value="Nonlinear"/>
          </Target>
          <SearchPaths>
            <IncludeFiles Value="..\..\..\Source"/>
            <Libraries Value="..\..\..\Packages\Lazarus;..\..\..\Source"/>
            <OtherUnitFiles Value="..\..\..\Packages\Lazarus;..\..\..\Source;..\..\..\Source\VST;..\..\..\Source\Math"/>
            <UnitOutputDirectory Value="..\..\..\Bin"/>
            <ObjectPath Value="..\..\Source"/>
          </SearchPaths>
          <Parsing>
            <SyntaxOptions>
              <CStyleOperator Value="False"/>
              <IncludeAssertionCode Value="True"/>
              <CPPInline Value="False"/>
            </SyntaxOptions>
          </Parsing>
          <CodeGeneration>
            <Optimizations>
              <OptimizationLevel Value="0"/>
            </Optimizations>
          </CodeGeneration>
          <Linking>
            <Debugging>
              <GenerateDebugInfo Value="True"/>
            </Debugging>
            <Options>
              <Win32>
                <GraphicApplication Value="True"/>
              </Win32>
              <ExecutableType Value="Library"/>
            </Options>
          </Linking>
          <Other>
            <WriteFPCLogo Value="False"/>
            <CompilerMessages>
              <UseMsgFile Value="True"/>
            </CompilerMessages>
            <CompilerPath Value="$(CompPath)"/>
          </Other>
        </CompilerOptions>
      </Item2>
      <Item3 Name="Release OSX">
        <CompilerOptions>
          <Version Value="10"/>
          <PathDelim Value="\"/>
          <Target>
            <Filename Value="Nonlinear" ApplyConventions="False"/>
          </Target>
          <SearchPaths>
            <IncludeFiles Value="..\..\..\Source"/>
            <Libraries Value="..\..\..\Packages\Lazarus;..\..\..\Source"/>
            <OtherUnitFiles Value="..\..\..\Packages\Lazarus;..\..\..\Source;..\..\..\Source\VST;..\..\..\Source\Math"/>
            <UnitOutputDirectory Value="..\..\..\Bin"/>
            <ObjectPath Value="..\..\Source"/>
          </SearchPaths>
          <Parsing>
            <SyntaxOptions>
              <CStyleOperator Value="False"/>
              <CPPInline Value="False"/>
            </SyntaxOptions>
          </Parsing>
          <CodeGeneration>
            <SmartLinkUnit Value="True"/>
          </CodeGeneration>
          <Linking>
            <Debugging>
              <UseLineInfoUnit Value="False"/>
              <StripSymbols Value="True"/>
            </Debugging>
            <LinkSmart Value="True"/>
            <Options>
              <PassLinkerOptions Value="True"/>
              <LinkerOptions Value="-no_order_inits"/>
              <ExecutableType Value="Library"/>
            </Options>
          </Linking>
          <Other>
            <WriteFPCLogo Value="False"/>
            <CompilerMessages>
              <UseMsgFile Value="True"/>
            </CompilerMessages>
            <CompilerPath Value="$(CompPath)"/>
          </Other>
        </CompilerOptions>
      </Item3>
    </BuildModes>
    <PublishOptions>
      <Version Value="2"/>
      <IgnoreBinaries Value="False"/>
      <IncludeFileFilter Value="*.(pas|pp|inc|lfm|lpr|lrs|lpi|lpk|sh|xml)"/>
      <ExcludeFileFilter Value="*.(bak|ppu|ppw|o|so);*~;backup"/>
    </PublishOptions>
    <RunParams>
      <local>
        <FormatVersion Value="1"/>
        <HostApplicationFilename Value="C:\Users\Christian Budde\Projects\VSTPack\Bin\VST Plugin Analyser.exe"/>
        <CommandLineParams Value="NonLinear.dll"/>
        <LaunchingApplication PathPlusParams="\usr\X11R6\bin\xterm -T 'Lazarus Run Output' -e $(LazarusDir)\tools\runwait.sh $(TargetCmdLine)"/>
      </local>
    </RunParams>
    <RequiredPackages Count="2">
      <Item1>
        <PackageName Value="DAV_VSTPlugin_Lazarus"/>
      </Item1>
      <Item2>
        <PackageName Value="LCL"/>
      </Item2>
    </RequiredPackages>
    <Units Count="3">
      <Unit0>
        <Filename Value="Nonlinear.lpr"/>
        <IsPartOfProject Value="True"/>
      </Unit0>
      <Unit1>
        <Filename Value="NonlinearDSP.pas"/>
        <IsPartOfProject Value="True"/>
        <ComponentName Value="VSTOpAmp"/>
        <HasResources Value="True"/>
        <ResourceBaseClass Value="DataModule"/>
        <UnitName Value="NonlinearDSP"/>
      </Unit1>
      <Unit2>
        <Filename Value="NonlinearGUI.pas"/>
        <IsPartOfProject Value="True"/>
        <ComponentName Value="VSTGUI"/>
        <HasResources Value="True"/>
        <ResourceBaseClass Value="Form"/>
        <UnitName Value="NonlinearGUI"/>
      </Unit2>
    </Units>
  </ProjectOptions>
  <CompilerOptions>
    <Version Value="10"/>
    <PathDelim Value="\"/>
    <Target>
      <Filename Value="..\..\..\Bin\Nonlinear.dll"/>
    </Target>
    <SearchPaths>
      <IncludeFiles Value="..\..\..\Source"/>
      <Libraries Value="..\..\..\Packages\Lazarus;..\..\..\Source"/>
      <OtherUnitFiles Value="..\..\..\Packages\Lazarus;..\..\..\Source;..\..\..\Source\VST;..\..\..\Source\Math"/>
      <UnitOutputDirectory Value="..\..\..\Precompiles"/>
      <ObjectPath Value="..\..\Source"/>
    </SearchPaths>
    <Parsing>
      <SyntaxOptions>
        <CStyleOperator Value="False"/>
        <CPPInline Value="False"/>
      </SyntaxOptions>
    </Parsing>
    <CodeGeneration>
      <SmartLinkUnit Value="True"/>
    </CodeGeneration>
    <Linking>
      <Debugging>
        <UseLineInfoUnit Value="False"/>
        <StripSymbols Value="True"/>
      </Debugging>
      <LinkSmart Value="True"/>
      <Options>
        <Win32>
          <GraphicApplication Value="True"/>
        </Win32>
        <ExecutableType Value="Library"/>
      </Options>
    </Linking>
    <Other>
      <WriteFPCLogo Value="False"/>
      <CompilerMessages>
        <UseMsgFile Value="True"/>
      </CompilerMessages>
      <CompilerPath Value="$(CompPath)"/>
    </Other>
  </CompilerOptions>
  <Debugging>
    <Exceptions Count="2">
      <Item1>
        <Name Value="ECodetoolError"/>
      </Item1>
      <Item2>
        <Name Value="EFOpenError"/>
      </Item2>
    </Exceptions>
  </Debugging>
</CONFIG>
